
Microsoft Visual Studio Solution File, Format Version 12.00
# Visual Studio Version 16
VisualStudioVersion = 16.0.30907.101
MinimumVisualStudioVersion = 10.0.40219.1
Project("{9A19103F-16F7-4668-BE54-9A1E7A4F7556}") = "BikesIsland.API", "BikesIsland.API\BikesIsland.API.csproj", "{726FC2F2-729B-4127-917B-CE29BC45C13A}"
EndProject
Project("{9A19103F-16F7-4668-BE54-9A1E7A4F7556}") = "BikesIsland.Models", "BikesIsland.Models\BikesIsland.Models.csproj", "{6410E83D-41E9-40A9-994A-8D837BF8466F}"
EndProject
Project("{9A19103F-16F7-4668-BE54-9A1E7A4F7556}") = "BikesIsland.Integrations", "BikesIsland.Integrations\BikesIsland.Integrations.csproj", "{0A181D2E-23A6-434E-81A7-E0B84D46623E}"
EndProject
Project("{FAE04EC0-301F-11D3-BF4B-00C04F79EFBC}") = "BikesIsland.Logging", "BikesIsland.Logging\BikesIsland.Logging.csproj", "{CBCA41EA-1133-4973-B85A-5B0C57370283}"
EndProject
Global
	GlobalSection(SolutionConfigurationPlatforms) = preSolution
		Debug|Any CPU = Debug|Any CPU
		Release|Any CPU = Release|Any CPU
	EndGlobalSection
	GlobalSection(ProjectConfigurationPlatforms) = postSolution
		{726FC2F2-729B-4127-917B-CE29BC45C13A}.Debug|Any CPU.ActiveCfg = Debug|Any CPU
		{726FC2F2-729B-4127-917B-CE29BC45C13A}.Debug|Any CPU.Build.0 = Debug|Any CPU
		{726FC2F2-729B-4127-917B-CE29BC45C13A}.Release|Any CPU.ActiveCfg = Release|Any CPU
		{726FC2F2-729B-4127-917B-CE29BC45C13A}.Release|Any CPU.Build.0 = Release|Any CPU
		{6410E83D-41E9-40A9-994A-8D837BF8466F}.Debug|Any CPU.ActiveCfg = Debug|Any CPU
		{6410E83D-41E9-40A9-994A-8D837BF8466F}.Debug|Any CPU.Build.0 = Debug|Any CPU
		{6410E83D-41E9-40A9-994A-8D837BF8466F}.Release|Any CPU.ActiveCfg = Release|Any CPU
		{6410E83D-41E9-40A9-994A-8D837BF8466F}.Release|Any CPU.Build.0 = Release|Any CPU
		{0A181D2E-23A6-434E-81A7-E0B84D46623E}.Debug|Any CPU.ActiveCfg = Debug|Any CPU
		{0A181D2E-23A6-434E-81A7-E0B84D46623E}.Debug|Any CPU.Build.0 = Debug|Any CPU
		{0A181D2E-23A6-434E-81A7-E0B84D46623E}.Release|Any CPU.ActiveCfg = Release|Any CPU
		{0A181D2E-23A6-434E-81A7-E0B84D46623E}.Release|Any CPU.Build.0 = Release|Any CPU
		{CBCA41EA-1133-4973-B85A-5B0C57370283}.Debug|Any CPU.ActiveCfg = Debug|Any CPU
		{CBCA41EA-1133-4973-B85A-5B0C57370283}.Debug|Any CPU.Build.0 = Debug|Any CPU
		{CBCA41EA-1133-4973-B85A-5B0C57370283}.Release|Any CPU.ActiveCfg = Release|Any CPU
		{CBCA41EA-1133-4973-B85A-5B0C57370283}.Release|Any CPU.Build.0 = Release|Any CPU
	EndGlobalSection
	GlobalSection(SolutionProperties) = preSolution
		HideSolutionNode = FALSE
	EndGlobalSection
	GlobalSection(ExtensibilityGlobals) = postSolution
		SolutionGuid = {56C6BE48-6255-4643-9F2A-3F080D203A2C}
	EndGlobalSection
EndGlobal
